PODS:
  - Capacitor (7.6.5):
    - CapacitorCordova
  - CapacitorApp (7.1.2):
    - Capacitor
  - CapacitorBrowser (7.0.5):
    - Capacitor
  - CapacitorCordova (7.6.5)
  - CapacitorKeyboard (7.0.6):
    - Capacitor
  - CapacitorPluginCdvPurchase (13.16.1):
    - Capacitor

DEPENDENCIES:
  - "Capacitor (from `../../node_modules/@capacitor/ios`)"
  - "CapacitorApp (from `../../node_modules/@capacitor/app`)"
  - "CapacitorBrowser (from `../../node_modules/@capacitor/browser`)"
  - "CapacitorCordova (from `../../node_modules/@capacitor/ios`)"
  - "CapacitorKeyboard (from `../../node_modules/@capacitor/keyboard`)"
  - CapacitorPluginCdvPurchase (from `../../node_modules/capacitor-plugin-cdv-purchase`)

EXTERNAL SOURCES:
  Capacitor:
    :path: "../../node_modules/@capacitor/ios"
  CapacitorApp:
    :path: "../../node_modules/@capacitor/app"
  CapacitorBrowser:
    :path: "../../node_modules/@capacitor/browser"
  CapacitorCordova:
    :path: "../../node_modules/@capacitor/ios"
  CapacitorKeyboard:
    :path: "../../node_modules/@capacitor/keyboard"
  CapacitorPluginCdvPurchase:
    :path: "../../node_modules/capacitor-plugin-cdv-purchase"

SPEC CHECKSUMS:
  Capacitor: e9708b186e71dc45f9b2ee72e826b7389fb79ff2
  CapacitorApp: f01a913211780e0718dae9750442c3e23f96e106
  CapacitorBrowser: 6d09f59655e89aede71654ef08b98de55cf032b6
  CapacitorCordova: 2b36392a7292c3c451dcae154185ee8804d7b6b3
  CapacitorKeyboard: a2e0869edd229490ce36aed2549c0d6b95e27ee8
  CapacitorPluginCdvPurchase: bd78fbc5fa4a72c5cb1fcb81c40721915aeea6f7

PODFILE CHECKSUM: 6c68ebd6ab7e764b06d72dcc7f02718c4ac53e56

COCOAPODS: 1.16.2
